
Microsoft Visual Studio Solution File, Format Version 12.00
# Visual Studio 15
VisualStudioVersion = 15.0.27703.2035
MinimumVisualStudioVersion = 10.0.40219.1
Project("{FAE04EC0-301F-11D3-BF4B-00C04F79EFBC}") = "SlimRepository.Interfaces", "SlimRepository.Interfaces\SlimRepository.Interfaces.csproj", "{3371668B-05B0-41DC-BFC1-E1CCC5BBC852}"
EndProject
Project("{FAE04EC0-301F-11D3-BF4B-00C04F79EFBC}") = "SlimRepository.EfCore", "SlimRepository.EfCore\SlimRepository.EfCore.csproj", "{330FA82F-2FE5-4351-AA9F-1AECB4AD7C68}"
EndProject
Project("{2150E333-8FDC-42A3-9474-1A3956D46DE8}") = "src", "src", "{8F73D421-FFE5-484A-9E44-D244188FE949}"
EndProject
Global
	GlobalSection(SolutionConfigurationPlatforms) = preSolution
		Debug|Any CPU = Debug|Any CPU
		Release|Any CPU = Release|Any CPU
	EndGlobalSection
	GlobalSection(ProjectConfigurationPlatforms) = postSolution
		{3371668B-05B0-41DC-BFC1-E1CCC5BBC852}.Debug|Any CPU.ActiveCfg = Debug|Any CPU
		{3371668B-05B0-41DC-BFC1-E1CCC5BBC852}.Debug|Any CPU.Build.0 = Debug|Any CPU
		{3371668B-05B0-41DC-BFC1-E1CCC5BBC852}.Release|Any CPU.ActiveCfg = Release|Any CPU
		{3371668B-05B0-41DC-BFC1-E1CCC5BBC852}.Release|Any CPU.Build.0 = Release|Any CPU
		{330FA82F-2FE5-4351-AA9F-1AECB4AD7C68}.Debug|Any CPU.ActiveCfg = Debug|Any CPU
		{330FA82F-2FE5-4351-AA9F-1AECB4AD7C68}.Debug|Any CPU.Build.0 = Debug|Any CPU
		{330FA82F-2FE5-4351-AA9F-1AECB4AD7C68}.Release|Any CPU.ActiveCfg = Release|Any CPU
		{330FA82F-2FE5-4351-AA9F-1AECB4AD7C68}.Release|Any CPU.Build.0 = Release|Any CPU
	EndGlobalSection
	GlobalSection(SolutionProperties) = preSolution
		HideSolutionNode = FALSE
	EndGlobalSection
	GlobalSection(NestedProjects) = preSolution
		{3371668B-05B0-41DC-BFC1-E1CCC5BBC852} = {8F73D421-FFE5-484A-9E44-D244188FE949}
		{330FA82F-2FE5-4351-AA9F-1AECB4AD7C68} = {8F73D421-FFE5-484A-9E44-D244188FE949}
	EndGlobalSection
	GlobalSection(ExtensibilityGlobals) = postSolution
		SolutionGuid = {7AC49C20-D775-4167-AFE8-92CA1788AD06}
	EndGlobalSection
EndGlobal
